
Microsoft Visual Studio Solution File, Format Version 12.00
# Visual Studio Version 17
VisualStudioVersion = 17.0.31903.59
MinimumVisualStudioVersion = 10.0.40219.1
Project("{9A19103F-16F7-4668-BE54-9A1E7A4F7556}") = "Blog.Api", "Blog.Api\Blog.Api.csproj", "{D7C2F93E-AE69-4780-A408-5CA44D5B9D1E}"
EndProject
Project("{9A19103F-16F7-4668-BE54-9A1E7A4F7556}") = "Blog.Core", "Blog.Core\Blog.Core.csproj", "{6CBF9D6C-8EBA-4CC6-A8F3-3878EAB2B7B8}"
EndProject
Project("{9A19103F-16F7-4668-BE54-9A1E7A4F7556}") = "Blog.Infra", "Blog.Infra\Blog.Infra.csproj", "{1C604821-A4C0-443F-815C-F794BF545FEC}"
EndProject
Global
	GlobalSection(SolutionConfigurationPlatforms) = preSolution
		Debug|Any CPU = Debug|Any CPU
		Release|Any CPU = Release|Any CPU
	EndGlobalSection
	GlobalSection(ProjectConfigurationPlatforms) = postSolution
		{D7C2F93E-AE69-4780-A408-5CA44D5B9D1E}.Debug|Any CPU.ActiveCfg = Debug|Any CPU
		{D7C2F93E-AE69-4780-A408-5CA44D5B9D1E}.Debug|Any CPU.Build.0 = Debug|Any CPU
		{D7C2F93E-AE69-4780-A408-5CA44D5B9D1E}.Release|Any CPU.ActiveCfg = Release|Any CPU
		{D7C2F93E-AE69-4780-A408-5CA44D5B9D1E}.Release|Any CPU.Build.0 = Release|Any CPU
		{6CBF9D6C-8EBA-4CC6-A8F3-3878EAB2B7B8}.Debug|Any CPU.ActiveCfg = Debug|Any CPU
		{6CBF9D6C-8EBA-4CC6-A8F3-3878EAB2B7B8}.Debug|Any CPU.Build.0 = Debug|Any CPU
		{6CBF9D6C-8EBA-4CC6-A8F3-3878EAB2B7B8}.Release|Any CPU.ActiveCfg = Release|Any CPU
		{6CBF9D6C-8EBA-4CC6-A8F3-3878EAB2B7B8}.Release|Any CPU.Build.0 = Release|Any CPU
		{1C604821-A4C0-443F-815C-F794BF545FEC}.Debug|Any CPU.ActiveCfg = Debug|Any CPU
		{1C604821-A4C0-443F-815C-F794BF545FEC}.Debug|Any CPU.Build.0 = Debug|Any CPU
		{1C604821-A4C0-443F-815C-F794BF545FEC}.Release|Any CPU.ActiveCfg = Release|Any CPU
		{1C604821-A4C0-443F-815C-F794BF545FEC}.Release|Any CPU.Build.0 = Release|Any CPU
	EndGlobalSection
	GlobalSection(SolutionProperties) = preSolution
		HideSolutionNode = FALSE
	EndGlobalSection
	GlobalSection(ExtensibilityGlobals) = postSolution
		SolutionGuid = {88AFE017-1E6F-45D5-ABA5-FD1BF65E99ED}
	EndGlobalSection
EndGlobal
